version: 2
skills:
  issue-delivery:
    mode: vendored
    source:
      repository: https://github.com/zydtiger/agent-workflows.git
      path: skills/issue-delivery
      ref: main
    resolved:
      commit: 5176a648436d9c5d7dd71d25c7024d3b3b723b6a
      digest: sha256:960b47e9abdaec3642daaafedf08c85b7baa2e8910bf313c1ae9fe16f6233e97
    destination: issue-delivery
  issue-discovery:
    mode: vendored
    source:
      repository: https://github.com/zydtiger/agent-workflows.git
      path: skills/issue-discovery
      ref: main
    resolved:
      commit: 5176a648436d9c5d7dd71d25c7024d3b3b723b6a
      digest: sha256:7b3c713a2b44b5b97dd5b48848a4ec33f22a7dc15eb02b6dc4e871338c8a7589
    destination: issue-discovery
  issue-pr-body-contract:
    mode: vendored
    source:
      repository: https://github.com/zydtiger/agent-workflows.git
      path: skills/issue-pr-body-contract
      ref: main
    resolved:
      commit: 5176a648436d9c5d7dd71d25c7024d3b3b723b6a
      digest: sha256:3df201c0506f9a258402ce57b6d015ff9da5c2bf84283fcea89107109cd05164
    destination: issue-pr-body-contract
